schema: '2.0'
stages:
  data_ingestion:
    cmd: python src/data_ingestion.py
    deps:
    - path: src/data_ingestion.py
      hash: md5
      md5: e168299169f64db16dcd3a668f3cc1b5
      size: 3704
    params:
      params.yaml:
        data_ingestion.test_size: 0.3
    outs:
    - path: data/raw
      hash: md5
      md5: 789f236e83bc7723d8ce4ae6893e0998.dir
      size: 7221940
      nfiles: 2
  data_preprocessing:
    cmd: python src/data_preprocessing.py
    deps:
    - path: data/raw
      hash: md5
      md5: 789f236e83bc7723d8ce4ae6893e0998.dir
      size: 7221940
      nfiles: 2
    - path: src/data_preprocessing.py
      hash: md5
      md5: ae0059b79590609927f72e3c373f1865
      size: 3973
    outs:
    - path: data/interim
      hash: md5
      md5: d2e4c788ec99f106247c4f3f97333fb7.dir
      size: 3914834
      nfiles: 2
  feature_engineering:
    cmd: python src/feature_engineering.py
    deps:
    - path: data/interim
      hash: md5
      md5: d2e4c788ec99f106247c4f3f97333fb7.dir
      size: 3914834
      nfiles: 2
    - path: src/feature_engineering.py
      hash: md5
      md5: 1ac32d66f2f97a18e26adc09ff01844c
      size: 3922
    params:
      params.yaml:
        feature_engineering.max_features: 40
    outs:
    - path: data/processed
      hash: md5
      md5: f9635408ba73d960eb3a04cfc6dde150.dir
      size: 9745585
      nfiles: 2
  model_building:
    cmd: python src/model_building.py
    deps:
    - path: data/processed
      hash: md5
      md5: f9635408ba73d960eb3a04cfc6dde150.dir
      size: 9745585
      nfiles: 2
    - path: src/model_building.py
      hash: md5
      md5: c6ccbe9f72dee26173024eac33f2ece8
      size: 4495
    params:
      params.yaml:
        model_building.n_estimators: 22
        model_building.random_state: 2
    outs:
    - path: models/model.pkl
      hash: md5
      md5: 79861dd151176a364d4cc54c8464769d
      size: 8830995
  model_evaluation:
    cmd: python src/model_evaluation.py
    deps:
    - path: models/model.pkl
      hash: md5
      md5: 79861dd151176a364d4cc54c8464769d
      size: 8830995
    - path: src/model_evaluation.py
      hash: md5
      md5: d4009c48221e5599617f783aeda7dde1
      size: 5847
    outs:
    - path: reports/metrics.json
      hash: md5
      md5: e424977406a5a5d9a9a84dbefc7e78b7
      size: 144
