schema: '2.0'
stages:
  data_ingestion:
    cmd: python src/data_ingestion.py
    deps:
    - path: src/data_ingestion.py
      hash: md5
      md5: c27463e8bc319ecee5efdff9b2f292c1
      size: 3716
    outs:
    - path: data/raw
      hash: md5
      md5: 551d869774ce87d60c6d9059f4e9ba3a.dir
      size: 7221940
      nfiles: 2
  data_preprocessing:
    cmd: python src/data_preprocessing.py
    deps:
    - path: data/raw
      hash: md5
      md5: 551d869774ce87d60c6d9059f4e9ba3a.dir
      size: 7221940
      nfiles: 2
    - path: src/data_preprocessing.py
      hash: md5
      md5: ae0059b79590609927f72e3c373f1865
      size: 3973
    outs:
    - path: data/interim
      hash: md5
      md5: 3b9990e30470c6b677b5d7fed07dde37.dir
      size: 3914334
      nfiles: 2
  feature_engineering:
    cmd: python src/feature_engineering.py
    deps:
    - path: data/interim
      hash: md5
      md5: 3b9990e30470c6b677b5d7fed07dde37.dir
      size: 3914334
      nfiles: 2
    - path: src/feature_engineering.py
      hash: md5
      md5: 125fabf655aaed1957039b1b1ee8ac54
      size: 3912
    outs:
    - path: data/processed
      hash: md5
      md5: 83e967a8aa8cbd76688712d4cd3b038c.dir
      size: 11893360
      nfiles: 2
  model_building:
    cmd: python src/model_building.py
    deps:
    - path: data/processed
      hash: md5
      md5: 83e967a8aa8cbd76688712d4cd3b038c.dir
      size: 11893360
      nfiles: 2
    - path: src/model_building.py
      hash: md5
      md5: e23194793465294f78677dbcd860678f
      size: 4478
    outs:
    - path: models/model.pkl
      hash: md5
      md5: 07d977f3600d76defa84defad6c1f09c
      size: 13124466
  model_evaluation:
    cmd: python src/model_evaluation.py
    deps:
    - path: models/model.pkl
      hash: md5
      md5: 07d977f3600d76defa84defad6c1f09c
      size: 13124466
    - path: src/model_evaluation.py
      hash: md5
      md5: d4009c48221e5599617f783aeda7dde1
      size: 5847
    outs:
    - path: reports/metrics.json
      hash: md5
      md5: fd9452b120bd2a804b233ea55548e40f
      size: 145
